
Microsoft Visual Studio Solution File, Format Version 11.00
# Visual Studio 2010
Project("{059D6162-CD51-11D0-AE1F-00A0C90FFFC3}") = "Gluttonous_Snake", "Gluttonous_Snake.dsp", "{92FF3DAE-8786-49F5-942F-E329B65DE73C}"
EndProject
Global
	GlobalSection(SolutionProperties) = preSolution
		HideSolutionNode = FALSE
	EndGlobalSection
EndGlobal
